
Microsoft Visual Studio Solution File, Format Version 12.00
# Visual Studio 15
VisualStudioVersion = 15.0.28307.329
MinimumVisualStudioVersion = 10.0.40219.1
Project("{FAE04EC0-301F-11D3-BF4B-00C04F79EFBC}") = "ProbabilistiskModellering", "ProbabilistiskModellering\ProbabilistiskModellering.csproj", "{EAB5801E-4F2F-4CD9-9DE5-CD9EC15BA3CD}"
EndProject
Project("{FAE04EC0-301F-11D3-BF4B-00C04F79EFBC}") = "UnitTests", "ProgramTest\UnitTests.csproj", "{26087398-2556-4A4E-A3C6-CCBA6DB5E52B}"
EndProject
Global
	GlobalSection(SolutionConfigurationPlatforms) = preSolution
		Debug|Any CPU = Debug|Any CPU
		Release|Any CPU = Release|Any CPU
	EndGlobalSection
	GlobalSection(ProjectConfigurationPlatforms) = postSolution
		{EAB5801E-4F2F-4CD9-9DE5-CD9EC15BA3CD}.Debug|Any CPU.ActiveCfg = Debug|Any CPU
		{EAB5801E-4F2F-4CD9-9DE5-CD9EC15BA3CD}.Debug|Any CPU.Build.0 = Debug|Any CPU
		{EAB5801E-4F2F-4CD9-9DE5-CD9EC15BA3CD}.Release|Any CPU.ActiveCfg = Release|Any CPU
		{EAB5801E-4F2F-4CD9-9DE5-CD9EC15BA3CD}.Release|Any CPU.Build.0 = Release|Any CPU
		{26087398-2556-4A4E-A3C6-CCBA6DB5E52B}.Debug|Any CPU.ActiveCfg = Debug|Any CPU
		{26087398-2556-4A4E-A3C6-CCBA6DB5E52B}.Debug|Any CPU.Build.0 = Debug|Any CPU
		{26087398-2556-4A4E-A3C6-CCBA6DB5E52B}.Release|Any CPU.ActiveCfg = Release|Any CPU
		{26087398-2556-4A4E-A3C6-CCBA6DB5E52B}.Release|Any CPU.Build.0 = Release|Any CPU
	EndGlobalSection
	GlobalSection(SolutionProperties) = preSolution
		HideSolutionNode = FALSE
	EndGlobalSection
	GlobalSection(ExtensibilityGlobals) = postSolution
		SolutionGuid = {36ECF7D2-33D0-4F57-8F3E-6F4A107D9BA5}
	EndGlobalSection
EndGlobal
