
Microsoft Visual Studio Solution File, Format Version 12.00
# Visual Studio Version 16
VisualStudioVersion = 16.0.28803.202
MinimumVisualStudioVersion = 10.0.40219.1
Project("{FAE04EC0-301F-11D3-BF4B-00C04F79EFBC}") = "ProbabilistiskModellering", "ProbabilistiskModellering\ProbabilistiskModellering.csproj", "{EAB5801E-4F2F-4CD9-9DE5-CD9EC15BA3CD}"
EndProject
Project("{FAE04EC0-301F-11D3-BF4B-00C04F79EFBC}") = "UnitTests", "UnitTests\UnitTests.csproj", "{34094F8A-4EA7-4603-A5A4-3C2498ED52D5}"
EndProject
Global
	GlobalSection(SolutionConfigurationPlatforms) = preSolution
		Debug|Any CPU = Debug|Any CPU
		Release|Any CPU = Release|Any CPU
	EndGlobalSection
	GlobalSection(ProjectConfigurationPlatforms) = postSolution
		{EAB5801E-4F2F-4CD9-9DE5-CD9EC15BA3CD}.Debug|Any CPU.ActiveCfg = Debug|Any CPU
		{EAB5801E-4F2F-4CD9-9DE5-CD9EC15BA3CD}.Debug|Any CPU.Build.0 = Debug|Any CPU
		{EAB5801E-4F2F-4CD9-9DE5-CD9EC15BA3CD}.Release|Any CPU.ActiveCfg = Release|Any CPU
		{EAB5801E-4F2F-4CD9-9DE5-CD9EC15BA3CD}.Release|Any CPU.Build.0 = Release|Any CPU
		{34094F8A-4EA7-4603-A5A4-3C2498ED52D5}.Debug|Any CPU.ActiveCfg = Debug|Any CPU
		{34094F8A-4EA7-4603-A5A4-3C2498ED52D5}.Debug|Any CPU.Build.0 = Debug|Any CPU
		{34094F8A-4EA7-4603-A5A4-3C2498ED52D5}.Release|Any CPU.ActiveCfg = Release|Any CPU
		{34094F8A-4EA7-4603-A5A4-3C2498ED52D5}.Release|Any CPU.Build.0 = Release|Any CPU
	EndGlobalSection
	GlobalSection(SolutionProperties) = preSolution
		HideSolutionNode = FALSE
	EndGlobalSection
	GlobalSection(ExtensibilityGlobals) = postSolution
		SolutionGuid = {36ECF7D2-33D0-4F57-8F3E-6F4A107D9BA5}
	EndGlobalSection
EndGlobal
